// !$*UTF8*$!
{
	archiveVersion = 1;
	classes = {
	};
	objectVersion = 50;
	objects = {

/* Begin PBXBuildFile section */
		286D29B123F5BA670028B650 /* CardViewController.swift in Sources */ = {isa = PBXBuildFile; fileRef = 286D29B023F5BA670028B650 /* CardViewController.swift */; };
		286D29B323F5BBAD0028B650 /* CardCollectionViewCell.swift in Sources */ = {isa = PBXBuildFile; fileRef = 286D29B223F5BBAD0028B650 /* CardCollectionViewCell.swift */; };
		976C598723F47FFB00E0902F /* AppDelegate.swift in Sources */ = {isa = PBXBuildFile; fileRef = 976C598623F47FFB00E0902F /* AppDelegate.swift */; };
		976C598923F47FFB00E0902F /* SceneDelegate.swift in Sources */ = {isa = PBXBuildFile; fileRef = 976C598823F47FFB00E0902F /* SceneDelegate.swift */; };
		976C598E23F47FFB00E0902F /* Main.storyboard in Resources */ = {isa = PBXBuildFile; fileRef = 976C598C23F47FFB00E0902F /* Main.storyboard */; };
		976C599023F47FFC00E0902F /* Assets.xcassets in Resources */ = {isa = PBXBuildFile; fileRef = 976C598F23F47FFC00E0902F /* Assets.xcassets */; };
		976C599323F47FFC00E0902F /* LaunchScreen.storyboard in Resources */ = {isa = PBXBuildFile; fileRef = 976C599123F47FFC00E0902F /* LaunchScreen.storyboard */; };
		976C59AB23F5909300E0902F /* Card.swift in Sources */ = {isa = PBXBuildFile; fileRef = 976C59AA23F5909300E0902F /* Card.swift */; };
		976C59AD23F590F800E0902F /* CardController.swift in Sources */ = {isa = PBXBuildFile; fileRef = 976C59AC23F590F800E0902F /* CardController.swift */; };
/* End PBXBuildFile section */

/* Begin PBXFileReference section */
		286D29B023F5BA670028B650 /* CardViewController.swift */ = {isa = PBXFileReference; lastKnownFileType = sourcecode.swift; name = CardViewController.swift; path = Memory/CardViewController.swift; sourceTree = SOURCE_ROOT; };
		286D29B223F5BBAD0028B650 /* CardCollectionViewCell.swift */ = {isa = PBXFileReference; lastKnownFileType = sourcecode.swift; name = CardCollectionViewCell.swift; path = Memory/Views/CardCollectionViewCell.swift; sourceTree = SOURCE_ROOT; };
		976C598323F47FFB00E0902F /* Memory.app */ = {isa = PBXFileReference; explicitFileType = wrapper.application; includeInIndex = 0; path = Memory.app; sourceTree = BUILT_PRODUCTS_DIR; };
		976C598623F47FFB00E0902F /* AppDelegate.swift */ = {isa = PBXFileReference; lastKnownFileType = sourcecode.swift; path = AppDelegate.swift; sourceTree = "<group>"; };
		976C598823F47FFB00E0902F /* SceneDelegate.swift */ = {isa = PBXFileReference; lastKnownFileType = sourcecode.swift; path = SceneDelegate.swift; sourceTree = "<group>"; };
		976C598D23F47FFB00E0902F /* Base */ = {isa = PBXFileReference; lastKnownFileType = file.storyboard; name = Base; path = Base.lproj/Main.storyboard; sourceTree = "<group>"; };
		976C598F23F47FFC00E0902F /* Assets.xcassets */ = {isa = PBXFileReference; lastKnownFileType = folder.assetcatalog; path = Assets.xcassets; sourceTree = "<group>"; };
		976C599223F47FFC00E0902F /* Base */ = {isa = PBXFileReference; lastKnownFileType = file.storyboard; name = Base; path = Base.lproj/LaunchScreen.storyboard; sourceTree = "<group>"; };
		976C599423F47FFC00E0902F /* Info.plist */ = {isa = PBXFileReference; lastKnownFileType = text.plist.xml; path = Info.plist; sourceTree = "<group>"; };
		976C59AA23F5909300E0902F /* Card.swift */ = {isa = PBXFileReference; lastKnownFileType = sourcecode.swift; path = Card.swift; sourceTree = "<group>"; };
		976C59AC23F590F800E0902F /* CardController.swift */ = {isa = PBXFileReference; lastKnownFileType = sourcecode.swift; path = CardController.swift; sourceTree = "<group>"; };
/* End PBXFileReference section */

/* Begin PBXFrameworksBuildPhase section */
		976C598023F47FFB00E0902F /* Frameworks */ = {
			isa = PBXFrameworksBuildPhase;
			buildActionMask = 2147483647;
			files = (
			);
			runOnlyForDeploymentPostprocessing = 0;
		};
/* End PBXFrameworksBuildPhase section */

/* Begin PBXGroup section */
		286D297D23F4C6160028B650 /* Fonts */ = {
			isa = PBXGroup;
			children = (
			);
			path = Fonts;
			sourceTree = "<group>";
		};
		976C597A23F47FFB00E0902F = {
			isa = PBXGroup;
			children = (
				976C598523F47FFB00E0902F /* Memory */,
				976C598423F47FFB00E0902F /* Products */,
			);
			sourceTree = "<group>";
		};
		976C598423F47FFB00E0902F /* Products */ = {
			isa = PBXGroup;
			children = (
				976C598323F47FFB00E0902F /* Memory.app */,
			);
			name = Products;
			sourceTree = "<group>";
		};
		976C598523F47FFB00E0902F /* Memory */ = {
			isa = PBXGroup;
			children = (
				976C599B23F4801100E0902F /* Models */,
				976C599C23F4801700E0902F /* Controllers */,
				976C599F23F4803500E0902F /* Views */,
				976C599A23F4800800E0902F /* Resources */,
			);
			path = Memory;
			sourceTree = "<group>";
		};
		976C599A23F4800800E0902F /* Resources */ = {
			isa = PBXGroup;
			children = (
				286D297D23F4C6160028B650 /* Fonts */,
				976C598623F47FFB00E0902F /* AppDelegate.swift */,
				976C598823F47FFB00E0902F /* SceneDelegate.swift */,
				976C598F23F47FFC00E0902F /* Assets.xcassets */,
				976C599123F47FFC00E0902F /* LaunchScreen.storyboard */,
				976C599423F47FFC00E0902F /* Info.plist */,
			);
			path = Resources;
			sourceTree = "<group>";
		};
		976C599B23F4801100E0902F /* Models */ = {
			isa = PBXGroup;
			children = (
				976C59AA23F5909300E0902F /* Card.swift */,
			);
			path = Models;
			sourceTree = "<group>";
		};
		976C599C23F4801700E0902F /* Controllers */ = {
			isa = PBXGroup;
			children = (
				976C599E23F4802A00E0902F /* Model Controllers */,
				976C599D23F4801F00E0902F /* View Controllers */,
			);
			path = Controllers;
			sourceTree = "<group>";
		};
		976C599D23F4801F00E0902F /* View Controllers */ = {
			isa = PBXGroup;
			children = (
				286D29B023F5BA670028B650 /* CardViewController.swift */,
			);
			path = "View Controllers";
			sourceTree = "<group>";
		};
		976C599E23F4802A00E0902F /* Model Controllers */ = {
			isa = PBXGroup;
			children = (
				976C59AC23F590F800E0902F /* CardController.swift */,
			);
			path = "Model Controllers";
			sourceTree = "<group>";
		};
		976C599F23F4803500E0902F /* Views */ = {
			isa = PBXGroup;
			children = (
				976C59A123F4804E00E0902F /* Custom Views */,
				976C59A023F4804500E0902F /* Storyboards */,
			);
			path = Views;
			sourceTree = "<group>";
		};
		976C59A023F4804500E0902F /* Storyboards */ = {
			isa = PBXGroup;
			children = (
				976C598C23F47FFB00E0902F /* Main.storyboard */,
			);
			path = Storyboards;
			sourceTree = "<group>";
		};
		976C59A123F4804E00E0902F /* Custom Views */ = {
			isa = PBXGroup;
			children = (
				286D29B223F5BBAD0028B650 /* CardCollectionViewCell.swift */,
			);
			path = "Custom Views";
			sourceTree = "<group>";
		};
/* End PBXGroup section */

/* Begin PBXNativeTarget section */
		976C598223F47FFB00E0902F /* Memory */ = {
			isa = PBXNativeTarget;
			buildConfigurationList = 976C599723F47FFC00E0902F /* Build configuration list for PBXNativeTarget "Memory" */;
			buildPhases = (
				976C597F23F47FFB00E0902F /* Sources */,
				976C598023F47FFB00E0902F /* Frameworks */,
				976C598123F47FFB00E0902F /* Resources */,
			);
			buildRules = (
			);
			dependencies = (
			);
			name = Memory;
			productName = Memory;
			productReference = 976C598323F47FFB00E0902F /* Memory.app */;
			productType = "com.apple.product-type.application";
		};
/* End PBXNativeTarget section */

/* Begin PBXProject section */
		976C597B23F47FFB00E0902F /* Project object */ = {
			isa = PBXProject;
			attributes = {
				LastSwiftUpdateCheck = 1130;
				LastUpgradeCheck = 1130;
				ORGANIZATIONNAME = "Maxwell Poffenbarger";
				TargetAttributes = {
					976C598223F47FFB00E0902F = {
						CreatedOnToolsVersion = 11.3.1;
					};
				};
			};
			buildConfigurationList = 976C597E23F47FFB00E0902F /* Build configuration list for PBXProject "Memory" */;
			compatibilityVersion = "Xcode 9.3";
			developmentRegion = en;
			hasScannedForEncodings = 0;
			knownRegions = (
				en,
				Base,
			);
			mainGroup = 976C597A23F47FFB00E0902F;
			productRefGroup = 976C598423F47FFB00E0902F /* Products */;
			projectDirPath = "";
			projectRoot = "";
			targets = (
				976C598223F47FFB00E0902F /* Memory */,
			);
		};
/* End PBXProject section */

/* Begin PBXResourcesBuildPhase section */
		976C598123F47FFB00E0902F /* Resources */ = {
			isa = PBXResourcesBuildPhase;
			buildActionMask = 2147483647;
			files = (
				976C599323F47FFC00E0902F /* LaunchScreen.storyboard in Resources */,
				976C599023F47FFC00E0902F /* Assets.xcassets in Resources */,
				976C598E23F47FFB00E0902F /* Main.storyboard in Resources */,
			);
			runOnlyForDeploymentPostprocessing = 0;
		};
/* End PBXResourcesBuildPhase section */

/* Begin PBXSourcesBuildPhase section */
		976C597F23F47FFB00E0902F /* Sources */ = {
			isa = PBXSourcesBuildPhase;
			buildActionMask = 2147483647;
			files = (
				286D29B323F5BBAD0028B650 /* CardCollectionViewCell.swift in Sources */,
				976C598723F47FFB00E0902F /* AppDelegate.swift in Sources */,
				976C59AD23F590F800E0902F /* CardController.swift in Sources */,
				976C59AB23F5909300E0902F /* Card.swift in Sources */,
				976C598923F47FFB00E0902F /* SceneDelegate.swift in Sources */,
				286D29B123F5BA670028B650 /* CardViewController.swift in Sources */,
			);
			runOnlyForDeploymentPostprocessing = 0;
		};
/* End PBXSourcesBuildPhase section */

/* Begin PBXVariantGroup section */
		976C598C23F47FFB00E0902F /* Main.storyboard */ = {
			isa = PBXVariantGroup;
			children = (
				976C598D23F47FFB00E0902F /* Base */,
			);
			name = Main.storyboard;
			sourceTree = "<group>";
		};
		976C599123F47FFC00E0902F /* LaunchScreen.storyboard */ = {
			isa = PBXVariantGroup;
			children = (
				976C599223F47FFC00E0902F /* Base */,
			);
			name = LaunchScreen.storyboard;
			sourceTree = "<group>";
		};
/* End PBXVariantGroup section */

/* Begin XCBuildConfiguration section */
		976C599523F47FFC00E0902F /* Debug */ = {
			isa = XCBuildConfiguration;
			buildSettings = {
				ALWAYS_SEARCH_USER_PATHS = NO;
				CLANG_ANALYZER_NONNULL = YES;
				CLANG_ANALYZER_NUMBER_OBJECT_CONVERSION = YES_AGGRESSIVE;
				CLANG_CXX_LANGUAGE_STANDARD = "gnu++14";
				CLANG_CXX_LIBRARY = "libc++";
				CLANG_ENABLE_MODULES = YES;
				CLANG_ENABLE_OBJC_ARC = YES;
				CLANG_ENABLE_OBJC_WEAK = YES;
				CLANG_WARN_BLOCK_CAPTURE_AUTORELEASING = YES;
				CLANG_WARN_BOOL_CONVERSION = YES;
				CLANG_WARN_COMMA = YES;
				CLANG_WARN_CONSTANT_CONVERSION = YES;
				CLANG_WARN_DEPRECATED_OBJC_IMPLEMENTATIONS = YES;
				CLANG_WARN_DIRECT_OBJC_ISA_USAGE = YES_ERROR;
				CLANG_WARN_DOCUMENTATION_COMMENTS = YES;
				CLANG_WARN_EMPTY_BODY = YES;
				CLANG_WARN_ENUM_CONVERSION = YES;
				CLANG_WARN_INFINITE_RECURSION = YES;
				CLANG_WARN_INT_CONVERSION = YES;
				CLANG_WARN_NON_LITERAL_NULL_CONVERSION = YES;
				CLANG_WARN_OBJC_IMPLICIT_RETAIN_SELF = YES;
				CLANG_WARN_OBJC_LITERAL_CONVERSION = YES;
				CLANG_WARN_OBJC_ROOT_CLASS = YES_ERROR;
				CLANG_WARN_RANGE_LOOP_ANALYSIS = YES;
				CLANG_WARN_STRICT_PROTOTYPES = YES;
				CLANG_WARN_SUSPICIOUS_MOVE = YES;
				CLANG_WARN_UNGUARDED_AVAILABILITY = YES_AGGRESSIVE;
				CLANG_WARN_UNREACHABLE_CODE = YES;
				CLANG_WARN__DUPLICATE_METHOD_MATCH = YES;
				COPY_PHASE_STRIP = NO;
				DEBUG_INFORMATION_FORMAT = dwarf;
				ENABLE_STRICT_OBJC_MSGSEND = YES;
				ENABLE_TESTABILITY = YES;
				GCC_C_LANGUAGE_STANDARD = gnu11;
				GCC_DYNAMIC_NO_PIC = NO;
				GCC_NO_COMMON_BLOCKS = YES;
				GCC_OPTIMIZATION_LEVEL = 0;
				GCC_PREPROCESSOR_DEFINITIONS = (
					"DEBUG=1",
					"$(inherited)",
				);
				GCC_WARN_64_TO_32_BIT_CONVERSION = YES;
				GCC_WARN_ABOUT_RETURN_TYPE = YES_ERROR;
				GCC_WARN_UNDECLARED_SELECTOR = YES;
				GCC_WARN_UNINITIALIZED_AUTOS = YES_AGGRESSIVE;
				GCC_WARN_UNUSED_FUNCTION = YES;
				GCC_WARN_UNUSED_VARIABLE = YES;
				IPHONEOS_DEPLOYMENT_TARGET = 13.2;
				MTL_ENABLE_DEBUG_INFO = INCLUDE_SOURCE;
				MTL_FAST_MATH = YES;
				ONLY_ACTIVE_ARCH = YES;
				SDKROOT = iphoneos;
				SWIFT_ACTIVE_COMPILATION_CONDITIONS = DEBUG;
				SWIFT_OPTIMIZATION_LEVEL = "-Onone";
			};
			name = Debug;
		};
		976C599623F47FFC00E0902F /* Release */ = {
			isa = XCBuildConfiguration;
			buildSettings = {
				ALWAYS_SEARCH_USER_PATHS = NO;
				CLANG_ANALYZER_NONNULL = YES;
				CLANG_ANALYZER_NUMBER_OBJECT_CONVERSION = YES_AGGRESSIVE;
				CLANG_CXX_LANGUAGE_STANDARD = "gnu++14";
				CLANG_CXX_LIBRARY = "libc++";
				CLANG_ENABLE_MODULES = YES;
				CLANG_ENABLE_OBJC_ARC = YES;
				CLANG_ENABLE_OBJC_WEAK = YES;
				CLANG_WARN_BLOCK_CAPTURE_AUTORELEASING = YES;
				CLANG_WARN_BOOL_CONVERSION = YES;
				CLANG_WARN_COMMA = YES;
				CLANG_WARN_CONSTANT_CONVERSION = YES;
				CLANG_WARN_DEPRECATED_OBJC_IMPLEMENTATIONS = YES;
				CLANG_WARN_DIRECT_OBJC_ISA_USAGE = YES_ERROR;
				CLANG_WARN_DOCUMENTATION_COMMENTS = YES;
				CLANG_WARN_EMPTY_BODY = YES;
				CLANG_WARN_ENUM_CONVERSION = YES;
				CLANG_WARN_INFINITE_RECURSION = YES;
				CLANG_WARN_INT_CONVERSION = YES;
				CLANG_WARN_NON_LITERAL_NULL_CONVERSION = YES;
				CLANG_WARN_OBJC_IMPLICIT_RETAIN_SELF = YES;
				CLANG_WARN_OBJC_LITERAL_CONVERSION = YES;
				CLANG_WARN_OBJC_ROOT_CLASS = YES_ERROR;
				CLANG_WARN_RANGE_LOOP_ANALYSIS = YES;
				CLANG_WARN_STRICT_PROTOTYPES = YES;
				CLANG_WARN_SUSPICIOUS_MOVE = YES;
				CLANG_WARN_UNGUARDED_AVAILABILITY = YES_AGGRESSIVE;
				CLANG_WARN_UNREACHABLE_CODE = YES;
				CLANG_WARN__DUPLICATE_METHOD_MATCH = YES;
				COPY_PHASE_STRIP = NO;
				DEBUG_INFORMATION_FORMAT = "dwarf-with-dsym";
				ENABLE_NS_ASSERTIONS = NO;
				ENABLE_STRICT_OBJC_MSGSEND = YES;
				GCC_C_LANGUAGE_STANDARD = gnu11;
				GCC_NO_COMMON_BLOCKS = YES;
				GCC_WARN_64_TO_32_BIT_CONVERSION = YES;
				GCC_WARN_ABOUT_RETURN_TYPE = YES_ERROR;
				GCC_WARN_UNDECLARED_SELECTOR = YES;
				GCC_WARN_UNINITIALIZED_AUTOS = YES_AGGRESSIVE;
				GCC_WARN_UNUSED_FUNCTION = YES;
				GCC_WARN_UNUSED_VARIABLE = YES;
				IPHONEOS_DEPLOYMENT_TARGET = 13.2;
				MTL_ENABLE_DEBUG_INFO = NO;
				MTL_FAST_MATH = YES;
				SDKROOT = iphoneos;
				SWIFT_COMPILATION_MODE = wholemodule;
				SWIFT_OPTIMIZATION_LEVEL = "-O";
				VALIDATE_PRODUCT = YES;
			};
			name = Release;
		};
		976C599823F47FFC00E0902F /* Debug */ = {
			isa = XCBuildConfiguration;
			buildSettings = {
				ASSETCATALOG_COMPILER_APPICON_NAME = AppIcon;
				CODE_SIGN_STYLE = Automatic;
				DEVELOPMENT_TEAM = V4L99CL288;
				INFOPLIST_FILE = Memory/Resources/Info.plist;
				LD_RUNPATH_SEARCH_PATHS = (
					"$(inherited)",
					"@executable_path/Frameworks",
				);
				PRODUCT_BUNDLE_IDENTIFIER = "Max-Poff.Memory";
				PRODUCT_NAME = "$(TARGET_NAME)";
				SWIFT_VERSION = 5.0;
				TARGETED_DEVICE_FAMILY = "1,2";
			};
			name = Debug;
		};
		976C599923F47FFC00E0902F /* Release */ = {
			isa = XCBuildConfiguration;
			buildSettings = {
				ASSETCATALOG_COMPILER_APPICON_NAME = AppIcon;
				CODE_SIGN_STYLE = Automatic;
				DEVELOPMENT_TEAM = V4L99CL288;
				INFOPLIST_FILE = Memory/Resources/Info.plist;
				LD_RUNPATH_SEARCH_PATHS = (
					"$(inherited)",
					"@executable_path/Frameworks",
				);
				PRODUCT_BUNDLE_IDENTIFIER = "Max-Poff.Memory";
				PRODUCT_NAME = "$(TARGET_NAME)";
				SWIFT_VERSION = 5.0;
				TARGETED_DEVICE_FAMILY = "1,2";
			};
			name = Release;
		};
/* End XCBuildConfiguration section */

/* Begin XCConfigurationList section */
		976C597E23F47FFB00E0902F /* Build configuration list for PBXProject "Memory" */ = {
			isa = XCConfigurationList;
			buildConfigurations = (
				976C599523F47FFC00E0902F /* Debug */,
				976C599623F47FFC00E0902F /* Release */,
			);
			defaultConfigurationIsVisible = 0;
			defaultConfigurationName = Release;
		};
		976C599723F47FFC00E0902F /* Build configuration list for PBXNativeTarget "Memory" */ = {
			isa = XCConfigurationList;
			buildConfigurations = (
				976C599823F47FFC00E0902F /* Debug */,
				976C599923F47FFC00E0902F /* Release */,
			);
			defaultConfigurationIsVisible = 0;
			defaultConfigurationName = Release;
		};
/* End XCConfigurationList section */
	};
	rootObject = 976C597B23F47FFB00E0902F /* Project object */;
}
